
Microsoft Visual Studio Solution File, Format Version 12.00
# Visual Studio 15
VisualStudioVersion = 15.0.28307.757
MinimumVisualStudioVersion = 10.0.40219.1
Project("{FAE04EC0-301F-11D3-BF4B-00C04F79EFBC}") = "LabelFeatures", "LabelFeatures\LabelFeatures.csproj", "{A1B296C4-941A-4CAD-B0A1-23C2ADACB2ED}"
EndProject
Global
	GlobalSection(SolutionConfigurationPlatforms) = preSolution
		Debug|Any CPU = Debug|Any CPU
		Release|Any CPU = Release|Any CPU
	EndGlobalSection
	GlobalSection(ProjectConfigurationPlatforms) = postSolution
		{A1B296C4-941A-4CAD-B0A1-23C2ADACB2ED}.Debug|Any CPU.ActiveCfg = Debug|Any CPU
		{A1B296C4-941A-4CAD-B0A1-23C2ADACB2ED}.Debug|Any CPU.Build.0 = Debug|Any CPU
		{A1B296C4-941A-4CAD-B0A1-23C2ADACB2ED}.Release|Any CPU.ActiveCfg = Release|Any CPU
		{A1B296C4-941A-4CAD-B0A1-23C2ADACB2ED}.Release|Any CPU.Build.0 = Release|Any CPU
	EndGlobalSection
	GlobalSection(SolutionProperties) = preSolution
		HideSolutionNode = FALSE
	EndGlobalSection
	GlobalSection(ExtensibilityGlobals) = postSolution
		SolutionGuid = {5B1D2A44-D0EF-4C7E-BE11-BC07863595D0}
	EndGlobalSection
EndGlobal
